
Microsoft Visual Studio Solution File, Format Version 12.00
# Visual Studio 2012
Project("{FAE04EC0-301F-11D3-BF4B-00C04F79EFBC}") = "MVC.Practice.Web1", "MVC.Practice.Web1\MVC.Practice.Web1.csproj", "{6501DCD6-3013-40A1-922D-48AFFA5F2CA5}"
EndProject
Project("{FAE04EC0-301F-11D3-BF4B-00C04F79EFBC}") = "MVC.Practice.Web1.Tests", "MVC.Practice.Web1.Tests\MVC.Practice.Web1.Tests.csproj", "{224463A1-DE13-4785-933F-D5A5D4207D7C}"
EndProject
Global
	GlobalSection(SolutionConfigurationPlatforms) = preSolution
		Debug|Any CPU = Debug|Any CPU
		Release|Any CPU = Release|Any CPU
	EndGlobalSection
	GlobalSection(ProjectConfigurationPlatforms) = postSolution
		{6501DCD6-3013-40A1-922D-48AFFA5F2CA5}.Debug|Any CPU.ActiveCfg = Debug|Any CPU
		{6501DCD6-3013-40A1-922D-48AFFA5F2CA5}.Debug|Any CPU.Build.0 = Debug|Any CPU
		{6501DCD6-3013-40A1-922D-48AFFA5F2CA5}.Release|Any CPU.ActiveCfg = Release|Any CPU
		{6501DCD6-3013-40A1-922D-48AFFA5F2CA5}.Release|Any CPU.Build.0 = Release|Any CPU
		{224463A1-DE13-4785-933F-D5A5D4207D7C}.Debug|Any CPU.ActiveCfg = Debug|Any CPU
		{224463A1-DE13-4785-933F-D5A5D4207D7C}.Debug|Any CPU.Build.0 = Debug|Any CPU
		{224463A1-DE13-4785-933F-D5A5D4207D7C}.Release|Any CPU.ActiveCfg = Release|Any CPU
		{224463A1-DE13-4785-933F-D5A5D4207D7C}.Release|Any CPU.Build.0 = Release|Any CPU
	EndGlobalSection
	GlobalSection(SolutionProperties) = preSolution
		HideSolutionNode = FALSE
	EndGlobalSection
EndGlobal
